// !$*UTF8*$!
{
	archiveVersion = 1;
	classes = {
	};
	objectVersion = 50;
	objects = {

/* Begin PBXBuildFile section */
		1F9BFE362089D594004241E5 /* AppDelegate.m in Sources */ = {isa = PBXBuildFile; fileRef = 1F9BFE352089D594004241E5 /* AppDelegate.m */; };
		1F9BFE392089D594004241E5 /* ViewController.m in Sources */ = {isa = PBXBuildFile; fileRef = 1F9BFE382089D594004241E5 /* ViewController.m */; };
		1F9BFE3C2089D594004241E5 /* Main.storyboard in Resources */ = {isa = PBXBuildFile; fileRef = 1F9BFE3A2089D594004241E5 /* Main.storyboard */; };
		1F9BFE3E2089D595004241E5 /* Assets.xcassets in Resources */ = {isa = PBXBuildFile; fileRef = 1F9BFE3D2089D595004241E5 /* Assets.xcassets */; };
		1F9BFE412089D595004241E5 /* LaunchScreen.storyboard in Resources */ = {isa = PBXBuildFile; fileRef = 1F9BFE3F2089D595004241E5 /* LaunchScreen.storyboard */; };
		1F9BFE442089D595004241E5 /* main.m in Sources */ = {isa = PBXBuildFile; fileRef = 1F9BFE432089D595004241E5 /* main.m */; };
		1F9BFE4E2089D595004241E5 /* SusiseStringCopyTests.m in Sources */ = {isa = PBXBuildFile; fileRef = 1F9BFE4D2089D595004241E5 /* SusiseStringCopyTests.m */; };
		1F9BFE592089D595004241E5 /* SusiseStringCopyUITests.m in Sources */ = {isa = PBXBuildFile; fileRef = 1F9BFE582089D595004241E5 /* SusiseStringCopyUITests.m */; };
		1F9BFE6B2089DC09004241E5 /* Person.m in Sources */ = {isa = PBXBuildFile; fileRef = 1F9BFE6A2089DC09004241E5 /* Person.m */; };
/* End PBXBuildFile section */

/* Begin PBXContainerItemProxy section */
		1F9BFE4A2089D595004241E5 /* PBXContainerItemProxy */ = {
			isa = PBXContainerItemProxy;
			containerPortal = 1F9BFE292089D594004241E5 /* Project object */;
			proxyType = 1;
			remoteGlobalIDString = 1F9BFE302089D594004241E5;
			remoteInfo = SusiseStringCopy;
		};
		1F9BFE552089D595004241E5 /* PBXContainerItemProxy */ = {
			isa = PBXContainerItemProxy;
			containerPortal = 1F9BFE292089D594004241E5 /* Project object */;
			proxyType = 1;
			remoteGlobalIDString = 1F9BFE302089D594004241E5;
			remoteInfo = SusiseStringCopy;
		};
/* End PBXContainerItemProxy section */

/* Begin PBXFileReference section */
		1F9BFE312089D594004241E5 /* SusiseStringCopy.app */ = {isa = PBXFileReference; explicitFileType = wrapper.application; includeInIndex = 0; path = SusiseStringCopy.app; sourceTree = BUILT_PRODUCTS_DIR; };
		1F9BFE342089D594004241E5 /* AppDelegate.h */ = {isa = PBXFileReference; lastKnownFileType = sourcecode.c.h; path = AppDelegate.h; sourceTree = "<group>"; };
		1F9BFE352089D594004241E5 /* AppDelegate.m */ = {isa = PBXFileReference; lastKnownFileType = sourcecode.c.objc; path = AppDelegate.m; sourceTree = "<group>"; };
		1F9BFE372089D594004241E5 /* ViewController.h */ = {isa = PBXFileReference; lastKnownFileType = sourcecode.c.h; path = ViewController.h; sourceTree = "<group>"; };
		1F9BFE382089D594004241E5 /* ViewController.m */ = {isa = PBXFileReference; lastKnownFileType = sourcecode.c.objc; path = ViewController.m; sourceTree = "<group>"; };
		1F9BFE3B2089D594004241E5 /* Base */ = {isa = PBXFileReference; lastKnownFileType = file.storyboard; name = Base; path = Base.lproj/Main.storyboard; sourceTree = "<group>"; };
		1F9BFE3D2089D595004241E5 /* Assets.xcassets */ = {isa = PBXFileReference; lastKnownFileType = folder.assetcatalog; path = Assets.xcassets; sourceTree = "<group>"; };
		1F9BFE402089D595004241E5 /* Base */ = {isa = PBXFileReference; lastKnownFileType = file.storyboard; name = Base; path = Base.lproj/LaunchScreen.storyboard; sourceTree = "<group>"; };
		1F9BFE422089D595004241E5 /* Info.plist */ = {isa = PBXFileReference; lastKnownFileType = text.plist.xml; path = Info.plist; sourceTree = "<group>"; };
		1F9BFE432089D595004241E5 /* main.m */ = {isa = PBXFileReference; lastKnownFileType = sourcecode.c.objc; path = main.m; sourceTree = "<group>"; };
		1F9BFE492089D595004241E5 /* SusiseStringCopyTests.xctest */ = {isa = PBXFileReference; explicitFileType = wrapper.cfbundle; includeInIndex = 0; path = SusiseStringCopyTests.xctest; sourceTree = BUILT_PRODUCTS_DIR; };
		1F9BFE4D2089D595004241E5 /* SusiseStringCopyTests.m */ = {isa = PBXFileReference; lastKnownFileType = sourcecode.c.objc; path = SusiseStringCopyTests.m; sourceTree = "<group>"; };
		1F9BFE4F2089D595004241E5 /* Info.plist */ = {isa = PBXFileReference; lastKnownFileType = text.plist.xml; path = Info.plist; sourceTree = "<group>"; };
		1F9BFE542089D595004241E5 /* SusiseStringCopyUITests.xctest */ = {isa = PBXFileReference; explicitFileType = wrapper.cfbundle; includeInIndex = 0; path = SusiseStringCopyUITests.xctest; sourceTree = BUILT_PRODUCTS_DIR; };
		1F9BFE582089D595004241E5 /* SusiseStringCopyUITests.m */ = {isa = PBXFileReference; lastKnownFileType = sourcecode.c.objc; path = SusiseStringCopyUITests.m; sourceTree = "<group>"; };
		1F9BFE5A2089D595004241E5 /* Info.plist */ = {isa = PBXFileReference; lastKnownFileType = text.plist.xml; path = Info.plist; sourceTree = "<group>"; };
		1F9BFE692089DC09004241E5 /* Person.h */ = {isa = PBXFileReference; lastKnownFileType = sourcecode.c.h; path = Person.h; sourceTree = "<group>"; };
		1F9BFE6A2089DC09004241E5 /* Person.m */ = {isa = PBXFileReference; lastKnownFileType = sourcecode.c.objc; path = Person.m; sourceTree = "<group>"; };
/* End PBXFileReference section */

/* Begin PBXFrameworksBuildPhase section */
		1F9BFE2E2089D594004241E5 /* Frameworks */ = {
			isa = PBXFrameworksBuildPhase;
			buildActionMask = 2147483647;
			files = (
			);
			runOnlyForDeploymentPostprocessing = 0;
		};
		1F9BFE462089D595004241E5 /* Frameworks */ = {
			isa = PBXFrameworksBuildPhase;
			buildActionMask = 2147483647;
			files = (
			);
			runOnlyForDeploymentPostprocessing = 0;
		};
		1F9BFE512089D595004241E5 /* Frameworks */ = {
			isa = PBXFrameworksBuildPhase;
			buildActionMask = 2147483647;
			files = (
			);
			runOnlyForDeploymentPostprocessing = 0;
		};
/* End PBXFrameworksBuildPhase section */

/* Begin PBXGroup section */
		1F9BFE282089D594004241E5 = {
			isa = PBXGroup;
			children = (
				1F9BFE332089D594004241E5 /* SusiseStringCopy */,
				1F9BFE4C2089D595004241E5 /* SusiseStringCopyTests */,
				1F9BFE572089D595004241E5 /* SusiseStringCopyUITests */,
				1F9BFE322089D594004241E5 /* Products */,
			);
			sourceTree = "<group>";
		};
		1F9BFE322089D594004241E5 /* Products */ = {
			isa = PBXGroup;
			children = (
				1F9BFE312089D594004241E5 /* SusiseStringCopy.app */,
				1F9BFE492089D595004241E5 /* SusiseStringCopyTests.xctest */,
				1F9BFE542089D595004241E5 /* SusiseStringCopyUITests.xctest */,
			);
			name = Products;
			sourceTree = "<group>";
		};
		1F9BFE332089D594004241E5 /* SusiseStringCopy */ = {
			isa = PBXGroup;
			children = (
				1F9BFE342089D594004241E5 /* AppDelegate.h */,
				1F9BFE352089D594004241E5 /* AppDelegate.m */,
				1F9BFE372089D594004241E5 /* ViewController.h */,
				1F9BFE382089D594004241E5 /* ViewController.m */,
				1F9BFE692089DC09004241E5 /* Person.h */,
				1F9BFE6A2089DC09004241E5 /* Person.m */,
				1F9BFE3A2089D594004241E5 /* Main.storyboard */,
				1F9BFE3D2089D595004241E5 /* Assets.xcassets */,
				1F9BFE3F2089D595004241E5 /* LaunchScreen.storyboard */,
				1F9BFE422089D595004241E5 /* Info.plist */,
				1F9BFE432089D595004241E5 /* main.m */,
			);
			path = SusiseStringCopy;
			sourceTree = "<group>";
		};
		1F9BFE4C2089D595004241E5 /* SusiseStringCopyTests */ = {
			isa = PBXGroup;
			children = (
				1F9BFE4D2089D595004241E5 /* SusiseStringCopyTests.m */,
				1F9BFE4F2089D595004241E5 /* Info.plist */,
			);
			path = SusiseStringCopyTests;
			sourceTree = "<group>";
		};
		1F9BFE572089D595004241E5 /* SusiseStringCopyUITests */ = {
			isa = PBXGroup;
			children = (
				1F9BFE582089D595004241E5 /* SusiseStringCopyUITests.m */,
				1F9BFE5A2089D595004241E5 /* Info.plist */,
			);
			path = SusiseStringCopyUITests;
			sourceTree = "<group>";
		};
/* End PBXGroup section */

/* Begin PBXNativeTarget section */
		1F9BFE302089D594004241E5 /* SusiseStringCopy */ = {
			isa = PBXNativeTarget;
			buildConfigurationList = 1F9BFE5D2089D595004241E5 /* Build configuration list for PBXNativeTarget "SusiseStringCopy" */;
			buildPhases = (
				1F9BFE2D2089D594004241E5 /* Sources */,
				1F9BFE2E2089D594004241E5 /* Frameworks */,
				1F9BFE2F2089D594004241E5 /* Resources */,
			);
			buildRules = (
			);
			dependencies = (
			);
			name = SusiseStringCopy;
			productName = SusiseStringCopy;
			productReference = 1F9BFE312089D594004241E5 /* SusiseStringCopy.app */;
			productType = "com.apple.product-type.application";
		};
		1F9BFE482089D595004241E5 /* SusiseStringCopyTests */ = {
			isa = PBXNativeTarget;
			buildConfigurationList = 1F9BFE602089D595004241E5 /* Build configuration list for PBXNativeTarget "SusiseStringCopyTests" */;
			buildPhases = (
				1F9BFE452089D595004241E5 /* Sources */,
				1F9BFE462089D595004241E5 /* Frameworks */,
				1F9BFE472089D595004241E5 /* Resources */,
			);
			buildRules = (
			);
			dependencies = (
				1F9BFE4B2089D595004241E5 /* PBXTargetDependency */,
			);
			name = SusiseStringCopyTests;
			productName = SusiseStringCopyTests;
			productReference = 1F9BFE492089D595004241E5 /* SusiseStringCopyTests.xctest */;
			productType = "com.apple.product-type.bundle.unit-test";
		};
		1F9BFE532089D595004241E5 /* SusiseStringCopyUITests */ = {
			isa = PBXNativeTarget;
			buildConfigurationList = 1F9BFE632089D595004241E5 /* Build configuration list for PBXNativeTarget "SusiseStringCopyUITests" */;
			buildPhases = (
				1F9BFE502089D595004241E5 /* Sources */,
				1F9BFE512089D595004241E5 /* Frameworks */,
				1F9BFE522089D595004241E5 /* Resources */,
			);
			buildRules = (
			);
			dependencies = (
				1F9BFE562089D595004241E5 /* PBXTargetDependency */,
			);
			name = SusiseStringCopyUITests;
			productName = SusiseStringCopyUITests;
			productReference = 1F9BFE542089D595004241E5 /* SusiseStringCopyUITests.xctest */;
			productType = "com.apple.product-type.bundle.ui-testing";
		};
/* End PBXNativeTarget section */

/* Begin PBXProject section */
		1F9BFE292089D594004241E5 /* Project object */ = {
			isa = PBXProject;
			attributes = {
				LastUpgradeCheck = 0930;
				ORGANIZATIONNAME = S;
				TargetAttributes = {
					1F9BFE302089D594004241E5 = {
						CreatedOnToolsVersion = 9.3;
					};
					1F9BFE482089D595004241E5 = {
						CreatedOnToolsVersion = 9.3;
						TestTargetID = 1F9BFE302089D594004241E5;
					};
					1F9BFE532089D595004241E5 = {
						CreatedOnToolsVersion = 9.3;
						TestTargetID = 1F9BFE302089D594004241E5;
					};
				};
			};
			buildConfigurationList = 1F9BFE2C2089D594004241E5 /* Build configuration list for PBXProject "SusiseStringCopy" */;
			compatibilityVersion = "Xcode 9.3";
			developmentRegion = en;
			hasScannedForEncodings = 0;
			knownRegions = (
				en,
				Base,
			);
			mainGroup = 1F9BFE282089D594004241E5;
			productRefGroup = 1F9BFE322089D594004241E5 /* Products */;
			projectDirPath = "";
			projectRoot = "";
			targets = (
				1F9BFE302089D594004241E5 /* SusiseStringCopy */,
				1F9BFE482089D595004241E5 /* SusiseStringCopyTests */,
				1F9BFE532089D595004241E5 /* SusiseStringCopyUITests */,
			);
		};
/* End PBXProject section */

/* Begin PBXResourcesBuildPhase section */
		1F9BFE2F2089D594004241E5 /* Resources */ = {
			isa = PBXResourcesBuildPhase;
			buildActionMask = 2147483647;
			files = (
				1F9BFE412089D595004241E5 /* LaunchScreen.storyboard in Resources */,
				1F9BFE3E2089D595004241E5 /* Assets.xcassets in Resources */,
				1F9BFE3C2089D594004241E5 /* Main.storyboard in Resources */,
			);
			runOnlyForDeploymentPostprocessing = 0;
		};
		1F9BFE472089D595004241E5 /* Resources */ = {
			isa = PBXResourcesBuildPhase;
			buildActionMask = 2147483647;
			files = (
			);
			runOnlyForDeploymentPostprocessing = 0;
		};
		1F9BFE522089D595004241E5 /* Resources */ = {
			isa = PBXResourcesBuildPhase;
			buildActionMask = 2147483647;
			files = (
			);
			runOnlyForDeploymentPostprocessing = 0;
		};
/* End PBXResourcesBuildPhase section */

/* Begin PBXSourcesBuildPhase section */
		1F9BFE2D2089D594004241E5 /* Sources */ = {
			isa = PBXSourcesBuildPhase;
			buildActionMask = 2147483647;
			files = (
				1F9BFE392089D594004241E5 /* ViewController.m in Sources */,
				1F9BFE442089D595004241E5 /* main.m in Sources */,
				1F9BFE6B2089DC09004241E5 /* Person.m in Sources */,
				1F9BFE362089D594004241E5 /* AppDelegate.m in Sources */,
			);
			runOnlyForDeploymentPostprocessing = 0;
		};
		1F9BFE452089D595004241E5 /* Sources */ = {
			isa = PBXSourcesBuildPhase;
			buildActionMask = 2147483647;
			files = (
				1F9BFE4E2089D595004241E5 /* SusiseStringCopyTests.m in Sources */,
			);
			runOnlyForDeploymentPostprocessing = 0;
		};
		1F9BFE502089D595004241E5 /* Sources */ = {
			isa = PBXSourcesBuildPhase;
			buildActionMask = 2147483647;
			files = (
				1F9BFE592089D595004241E5 /* SusiseStringCopyUITests.m in Sources */,
			);
			runOnlyForDeploymentPostprocessing = 0;
		};
/* End PBXSourcesBuildPhase section */

/* Begin PBXTargetDependency section */
		1F9BFE4B2089D595004241E5 /* PBXTargetDependency */ = {
			isa = PBXTargetDependency;
			target = 1F9BFE302089D594004241E5 /* SusiseStringCopy */;
			targetProxy = 1F9BFE4A2089D595004241E5 /* PBXContainerItemProxy */;
		};
		1F9BFE562089D595004241E5 /* PBXTargetDependency */ = {
			isa = PBXTargetDependency;
			target = 1F9BFE302089D594004241E5 /* SusiseStringCopy */;
			targetProxy = 1F9BFE552089D595004241E5 /* PBXContainerItemProxy */;
		};
/* End PBXTargetDependency section */

/* Begin PBXVariantGroup section */
		1F9BFE3A2089D594004241E5 /* Main.storyboard */ = {
			isa = PBXVariantGroup;
			children = (
				1F9BFE3B2089D594004241E5 /* Base */,
			);
			name = Main.storyboard;
			sourceTree = "<group>";
		};
		1F9BFE3F2089D595004241E5 /* LaunchScreen.storyboard */ = {
			isa = PBXVariantGroup;
			children = (
				1F9BFE402089D595004241E5 /* Base */,
			);
			name = LaunchScreen.storyboard;
			sourceTree = "<group>";
		};
/* End PBXVariantGroup section */

/* Begin XCBuildConfiguration section */
		1F9BFE5B2089D595004241E5 /* Debug */ = {
			isa = XCBuildConfiguration;
			buildSettings = {
				ALWAYS_SEARCH_USER_PATHS = NO;
				CLANG_ANALYZER_NONNULL = YES;
				CLANG_ANALYZER_NUMBER_OBJECT_CONVERSION = YES_AGGRESSIVE;
				CLANG_CXX_LANGUAGE_STANDARD = "gnu++14";
				CLANG_CXX_LIBRARY = "libc++";
				CLANG_ENABLE_MODULES = YES;
				CLANG_ENABLE_OBJC_ARC = YES;
				CLANG_ENABLE_OBJC_WEAK = YES;
				CLANG_WARN_BLOCK_CAPTURE_AUTORELEASING = YES;
				CLANG_WARN_BOOL_CONVERSION = YES;
				CLANG_WARN_COMMA = YES;
				CLANG_WARN_CONSTANT_CONVERSION = YES;
				CLANG_WARN_DEPRECATED_OBJC_IMPLEMENTATIONS = YES;
				CLANG_WARN_DIRECT_OBJC_ISA_USAGE = YES_ERROR;
				CLANG_WARN_DOCUMENTATION_COMMENTS = YES;
				CLANG_WARN_EMPTY_BODY = YES;
				CLANG_WARN_ENUM_CONVERSION = YES;
				CLANG_WARN_INFINITE_RECURSION = YES;
				CLANG_WARN_INT_CONVERSION = YES;
				CLANG_WARN_NON_LITERAL_NULL_CONVERSION = YES;
				CLANG_WARN_OBJC_IMPLICIT_RETAIN_SELF = YES;
				CLANG_WARN_OBJC_LITERAL_CONVERSION = YES;
				CLANG_WARN_OBJC_ROOT_CLASS = YES_ERROR;
				CLANG_WARN_RANGE_LOOP_ANALYSIS = YES;
				CLANG_WARN_STRICT_PROTOTYPES = YES;
				CLANG_WARN_SUSPICIOUS_MOVE = YES;
				CLANG_WARN_UNGUARDED_AVAILABILITY = YES_AGGRESSIVE;
				CLANG_WARN_UNREACHABLE_CODE = YES;
				CLANG_WARN__DUPLICATE_METHOD_MATCH = YES;
				CODE_SIGN_IDENTITY = "iPhone Developer";
				COPY_PHASE_STRIP = NO;
				DEBUG_INFORMATION_FORMAT = dwarf;
				ENABLE_STRICT_OBJC_MSGSEND = YES;
				ENABLE_TESTABILITY = YES;
				GCC_C_LANGUAGE_STANDARD = gnu11;
				GCC_DYNAMIC_NO_PIC = NO;
				GCC_NO_COMMON_BLOCKS = YES;
				GCC_OPTIMIZATION_LEVEL = 0;
				GCC_PREPROCESSOR_DEFINITIONS = (
					"DEBUG=1",
					"$(inherited)",
				);
				GCC_WARN_64_TO_32_BIT_CONVERSION = YES;
				GCC_WARN_ABOUT_RETURN_TYPE = YES_ERROR;
				GCC_WARN_UNDECLARED_SELECTOR = YES;
				GCC_WARN_UNINITIALIZED_AUTOS = YES_AGGRESSIVE;
				GCC_WARN_UNUSED_FUNCTION = YES;
				GCC_WARN_UNUSED_VARIABLE = YES;
				IPHONEOS_DEPLOYMENT_TARGET = 11.3;
				MTL_ENABLE_DEBUG_INFO = YES;
				ONLY_ACTIVE_ARCH = YES;
				SDKROOT = iphoneos;
			};
			name = Debug;
		};
		1F9BFE5C2089D595004241E5 /* Release */ = {
			isa = XCBuildConfiguration;
			buildSettings = {
				ALWAYS_SEARCH_USER_PATHS = NO;
				CLANG_ANALYZER_NONNULL = YES;
				CLANG_ANALYZER_NUMBER_OBJECT_CONVERSION = YES_AGGRESSIVE;
				CLANG_CXX_LANGUAGE_STANDARD = "gnu++14";
				CLANG_CXX_LIBRARY = "libc++";
				CLANG_ENABLE_MODULES = YES;
				CLANG_ENABLE_OBJC_ARC = YES;
				CLANG_ENABLE_OBJC_WEAK = YES;
				CLANG_WARN_BLOCK_CAPTURE_AUTORELEASING = YES;
				CLANG_WARN_BOOL_CONVERSION = YES;
				CLANG_WARN_COMMA = YES;
				CLANG_WARN_CONSTANT_CONVERSION = YES;
				CLANG_WARN_DEPRECATED_OBJC_IMPLEMENTATIONS = YES;
				CLANG_WARN_DIRECT_OBJC_ISA_USAGE = YES_ERROR;
				CLANG_WARN_DOCUMENTATION_COMMENTS = YES;
				CLANG_WARN_EMPTY_BODY = YES;
				CLANG_WARN_ENUM_CONVERSION = YES;
				CLANG_WARN_INFINITE_RECURSION = YES;
				CLANG_WARN_INT_CONVERSION = YES;
				CLANG_WARN_NON_LITERAL_NULL_CONVERSION = YES;
				CLANG_WARN_OBJC_IMPLICIT_RETAIN_SELF = YES;
				CLANG_WARN_OBJC_LITERAL_CONVERSION = YES;
				CLANG_WARN_OBJC_ROOT_CLASS = YES_ERROR;
				CLANG_WARN_RANGE_LOOP_ANALYSIS = YES;
				CLANG_WARN_STRICT_PROTOTYPES = YES;
				CLANG_WARN_SUSPICIOUS_MOVE = YES;
				CLANG_WARN_UNGUARDED_AVAILABILITY = YES_AGGRESSIVE;
				CLANG_WARN_UNREACHABLE_CODE = YES;
				CLANG_WARN__DUPLICATE_METHOD_MATCH = YES;
				CODE_SIGN_IDENTITY = "iPhone Developer";
				COPY_PHASE_STRIP = NO;
				DEBUG_INFORMATION_FORMAT = "dwarf-with-dsym";
				ENABLE_NS_ASSERTIONS = NO;
				ENABLE_STRICT_OBJC_MSGSEND = YES;
				GCC_C_LANGUAGE_STANDARD = gnu11;
				GCC_NO_COMMON_BLOCKS = YES;
				GCC_WARN_64_TO_32_BIT_CONVERSION = YES;
				GCC_WARN_ABOUT_RETURN_TYPE = YES_ERROR;
				GCC_WARN_UNDECLARED_SELECTOR = YES;
				GCC_WARN_UNINITIALIZED_AUTOS = YES_AGGRESSIVE;
				GCC_WARN_UNUSED_FUNCTION = YES;
				GCC_WARN_UNUSED_VARIABLE = YES;
				IPHONEOS_DEPLOYMENT_TARGET = 11.3;
				MTL_ENABLE_DEBUG_INFO = NO;
				SDKROOT = iphoneos;
				VALIDATE_PRODUCT = YES;
			};
			name = Release;
		};
		1F9BFE5E2089D595004241E5 /* Debug */ = {
			isa = XCBuildConfiguration;
			buildSettings = {
				ASSETCATALOG_COMPILER_APPICON_NAME = AppIcon;
				CODE_SIGN_STYLE = Automatic;
				INFOPLIST_FILE = SusiseStringCopy/Info.plist;
				LD_RUNPATH_SEARCH_PATHS = (
					"$(inherited)",
					"@executable_path/Frameworks",
				);
				PRODUCT_BUNDLE_IDENTIFIER = S.SusiseStringCopy;
				PRODUCT_NAME = "$(TARGET_NAME)";
				TARGETED_DEVICE_FAMILY = "1,2";
			};
			name = Debug;
		};
		1F9BFE5F2089D595004241E5 /* Release */ = {
			isa = XCBuildConfiguration;
			buildSettings = {
				ASSETCATALOG_COMPILER_APPICON_NAME = AppIcon;
				CODE_SIGN_STYLE = Automatic;
				INFOPLIST_FILE = SusiseStringCopy/Info.plist;
				LD_RUNPATH_SEARCH_PATHS = (
					"$(inherited)",
					"@executable_path/Frameworks",
				);
				PRODUCT_BUNDLE_IDENTIFIER = S.SusiseStringCopy;
				PRODUCT_NAME = "$(TARGET_NAME)";
				TARGETED_DEVICE_FAMILY = "1,2";
			};
			name = Release;
		};
		1F9BFE612089D595004241E5 /* Debug */ = {
			isa = XCBuildConfiguration;
			buildSettings = {
				BUNDLE_LOADER = "$(TEST_HOST)";
				CODE_SIGN_STYLE = Automatic;
				INFOPLIST_FILE = SusiseStringCopyTests/Info.plist;
				LD_RUNPATH_SEARCH_PATHS = (
					"$(inherited)",
					"@executable_path/Frameworks",
					"@loader_path/Frameworks",
				);
				PRODUCT_BUNDLE_IDENTIFIER = S.SusiseStringCopyTests;
				PRODUCT_NAME = "$(TARGET_NAME)";
				TARGETED_DEVICE_FAMILY = "1,2";
				TEST_HOST = "$(BUILT_PRODUCTS_DIR)/SusiseStringCopy.app/SusiseStringCopy";
			};
			name = Debug;
		};
		1F9BFE622089D595004241E5 /* Release */ = {
			isa = XCBuildConfiguration;
			buildSettings = {
				BUNDLE_LOADER = "$(TEST_HOST)";
				CODE_SIGN_STYLE = Automatic;
				INFOPLIST_FILE = SusiseStringCopyTests/Info.plist;
				LD_RUNPATH_SEARCH_PATHS = (
					"$(inherited)",
					"@executable_path/Frameworks",
					"@loader_path/Frameworks",
				);
				PRODUCT_BUNDLE_IDENTIFIER = S.SusiseStringCopyTests;
				PRODUCT_NAME = "$(TARGET_NAME)";
				TARGETED_DEVICE_FAMILY = "1,2";
				TEST_HOST = "$(BUILT_PRODUCTS_DIR)/SusiseStringCopy.app/SusiseStringCopy";
			};
			name = Release;
		};
		1F9BFE642089D595004241E5 /* Debug */ = {
			isa = XCBuildConfiguration;
			buildSettings = {
				CODE_SIGN_STYLE = Automatic;
				INFOPLIST_FILE = SusiseStringCopyUITests/Info.plist;
				LD_RUNPATH_SEARCH_PATHS = (
					"$(inherited)",
					"@executable_path/Frameworks",
					"@loader_path/Frameworks",
				);
				PRODUCT_BUNDLE_IDENTIFIER = S.SusiseStringCopyUITests;
				PRODUCT_NAME = "$(TARGET_NAME)";
				TARGETED_DEVICE_FAMILY = "1,2";
				TEST_TARGET_NAME = SusiseStringCopy;
			};
			name = Debug;
		};
		1F9BFE652089D595004241E5 /* Release */ = {
			isa = XCBuildConfiguration;
			buildSettings = {
				CODE_SIGN_STYLE = Automatic;
				INFOPLIST_FILE = SusiseStringCopyUITests/Info.plist;
				LD_RUNPATH_SEARCH_PATHS = (
					"$(inherited)",
					"@executable_path/Frameworks",
					"@loader_path/Frameworks",
				);
				PRODUCT_BUNDLE_IDENTIFIER = S.SusiseStringCopyUITests;
				PRODUCT_NAME = "$(TARGET_NAME)";
				TARGETED_DEVICE_FAMILY = "1,2";
				TEST_TARGET_NAME = SusiseStringCopy;
			};
			name = Release;
		};
/* End XCBuildConfiguration section */

/* Begin XCConfigurationList section */
		1F9BFE2C2089D594004241E5 /* Build configuration list for PBXProject "SusiseStringCopy" */ = {
			isa = XCConfigurationList;
			buildConfigurations = (
				1F9BFE5B2089D595004241E5 /* Debug */,
				1F9BFE5C2089D595004241E5 /* Release */,
			);
			defaultConfigurationIsVisible = 0;
			defaultConfigurationName = Release;
		};
		1F9BFE5D2089D595004241E5 /* Build configuration list for PBXNativeTarget "SusiseStringCopy" */ = {
			isa = XCConfigurationList;
			buildConfigurations = (
				1F9BFE5E2089D595004241E5 /* Debug */,
				1F9BFE5F2089D595004241E5 /* Release */,
			);
			defaultConfigurationIsVisible = 0;
			defaultConfigurationName = Release;
		};
		1F9BFE602089D595004241E5 /* Build configuration list for PBXNativeTarget "SusiseStringCopyTests" */ = {
			isa = XCConfigurationList;
			buildConfigurations = (
				1F9BFE612089D595004241E5 /* Debug */,
				1F9BFE622089D595004241E5 /* Release */,
			);
			defaultConfigurationIsVisible = 0;
			defaultConfigurationName = Release;
		};
		1F9BFE632089D595004241E5 /* Build configuration list for PBXNativeTarget "SusiseStringCopyUITests" */ = {
			isa = XCConfigurationList;
			buildConfigurations = (
				1F9BFE642089D595004241E5 /* Debug */,
				1F9BFE652089D595004241E5 /* Release */,
			);
			defaultConfigurationIsVisible = 0;
			defaultConfigurationName = Release;
		};
/* End XCConfigurationList section */
	};
	rootObject = 1F9BFE292089D594004241E5 /* Project object */;
}
